
Microsoft Visual Studio Solution File, Format Version 12.00
# Visual Studio 15
Project("{FAE04EC0-301F-11D3-BF4B-00C04F79EFBC}") = "VuforiaScripts", "VuforiaScripts.csproj", "{53845DA9-BCC7-064B-0BF6-79B9FC93A2C7}"
EndProject
Project("{FAE04EC0-301F-11D3-BF4B-00C04F79EFBC}") = "VuforiaEditorScripts", "VuforiaEditorScripts.csproj", "{A2A9497D-D738-8F63-DD36-D77FCF71F88B}"
EndProject
Global
	GlobalSection(SolutionConfigurationPlatforms) = preSolution
		Debug|Any CPU = Debug|Any CPU
		Release|Any CPU = Release|Any CPU
	EndGlobalSection
	GlobalSection(ProjectConfigurationPlatforms) = postSolution
		{53845DA9-BCC7-064B-0BF6-79B9FC93A2C7}.Debug|Any CPU.ActiveCfg = Debug|Any CPU
		{53845DA9-BCC7-064B-0BF6-79B9FC93A2C7}.Debug|Any CPU.Build.0 = Debug|Any CPU
		{53845DA9-BCC7-064B-0BF6-79B9FC93A2C7}.Release|Any CPU.ActiveCfg = Release|Any CPU
		{53845DA9-BCC7-064B-0BF6-79B9FC93A2C7}.Release|Any CPU.Build.0 = Release|Any CPU
		{A2A9497D-D738-8F63-DD36-D77FCF71F88B}.Debug|Any CPU.ActiveCfg = Debug|Any CPU
		{A2A9497D-D738-8F63-DD36-D77FCF71F88B}.Debug|Any CPU.Build.0 = Debug|Any CPU
		{A2A9497D-D738-8F63-DD36-D77FCF71F88B}.Release|Any CPU.ActiveCfg = Release|Any CPU
		{A2A9497D-D738-8F63-DD36-D77FCF71F88B}.Release|Any CPU.Build.0 = Release|Any CPU
	EndGlobalSection
	GlobalSection(SolutionProperties) = preSolution
		HideSolutionNode = FALSE
	EndGlobalSection
EndGlobal
