
Microsoft Visual Studio Solution File, Format Version 12.00
# Visual Studio 15
Project("{FAE04EC0-301F-11D3-BF4B-00C04F79EFBC}") = "VuforiaScripts", "VuforiaScripts.csproj", "{AD9DDD82-54A1-9F3A-5087-6131220687C3}"
EndProject
Project("{FAE04EC0-301F-11D3-BF4B-00C04F79EFBC}") = "VuforiaEditorScripts", "VuforiaEditorScripts.csproj", "{D20D4053-AD75-AAC7-C4F4-6419520BB94B}"
EndProject
Global
	GlobalSection(SolutionConfigurationPlatforms) = preSolution
		Debug|Any CPU = Debug|Any CPU
		Release|Any CPU = Release|Any CPU
	EndGlobalSection
	GlobalSection(ProjectConfigurationPlatforms) = postSolution
		{AD9DDD82-54A1-9F3A-5087-6131220687C3}.Debug|Any CPU.ActiveCfg = Debug|Any CPU
		{AD9DDD82-54A1-9F3A-5087-6131220687C3}.Debug|Any CPU.Build.0 = Debug|Any CPU
		{AD9DDD82-54A1-9F3A-5087-6131220687C3}.Release|Any CPU.ActiveCfg = Release|Any CPU
		{AD9DDD82-54A1-9F3A-5087-6131220687C3}.Release|Any CPU.Build.0 = Release|Any CPU
		{D20D4053-AD75-AAC7-C4F4-6419520BB94B}.Debug|Any CPU.ActiveCfg = Debug|Any CPU
		{D20D4053-AD75-AAC7-C4F4-6419520BB94B}.Debug|Any CPU.Build.0 = Debug|Any CPU
		{D20D4053-AD75-AAC7-C4F4-6419520BB94B}.Release|Any CPU.ActiveCfg = Release|Any CPU
		{D20D4053-AD75-AAC7-C4F4-6419520BB94B}.Release|Any CPU.Build.0 = Release|Any CPU
	EndGlobalSection
	GlobalSection(SolutionProperties) = preSolution
		HideSolutionNode = FALSE
	EndGlobalSection
EndGlobal
